
Microsoft Visual Studio Solution File, Format Version 12.00
# Visual Studio Version 17
VisualStudioVersion = 17.8.34511.84
MinimumVisualStudioVersion = 10.0.40219.1
Project("{FAE04EC0-301F-11D3-BF4B-00C04F79EFBC}") = "Extentions", "Extentions\Extentions.csproj", "{69D7BB15-B3FD-413C-AF04-C308098F36BB}"
EndProject
Global
	GlobalSection(SolutionConfigurationPlatforms) = preSolution
		Debug|Any CPU = Debug|Any CPU
		Release|Any CPU = Release|Any CPU
	EndGlobalSection
	GlobalSection(ProjectConfigurationPlatforms) = postSolution
		{69D7BB15-B3FD-413C-AF04-C308098F36BB}.Debug|Any CPU.ActiveCfg = Debug|Any CPU
		{69D7BB15-B3FD-413C-AF04-C308098F36BB}.Debug|Any CPU.Build.0 = Debug|Any CPU
		{69D7BB15-B3FD-413C-AF04-C308098F36BB}.Release|Any CPU.ActiveCfg = Release|Any CPU
		{69D7BB15-B3FD-413C-AF04-C308098F36BB}.Release|Any CPU.Build.0 = Release|Any CPU
	EndGlobalSection
	GlobalSection(SolutionProperties) = preSolution
		HideSolutionNode = FALSE
	EndGlobalSection
	GlobalSection(ExtensibilityGlobals) = postSolution
		SolutionGuid = {AE2733A0-79C4-478E-ACA4-ED71425A17FB}
	EndGlobalSection
EndGlobal
